
Microsoft Visual Studio Solution File, Format Version 12.00
# Visual Studio 2012
Project("{FAE04EC0-301F-11D3-BF4B-00C04F79EFBC}") = "10.8SetofIntegers", "10.8SetofIntegers\10.8SetofIntegers.csproj", "{81C6F51C-1389-4422-B132-EF0BBE6CAC37}"
EndProject
Global
	GlobalSection(SolutionConfigurationPlatforms) = preSolution
		Debug|Any CPU = Debug|Any CPU
		Release|Any CPU = Release|Any CPU
	EndGlobalSection
	GlobalSection(ProjectConfigurationPlatforms) = postSolution
		{81C6F51C-1389-4422-B132-EF0BBE6CAC37}.Debug|Any CPU.ActiveCfg = Debug|Any CPU
		{81C6F51C-1389-4422-B132-EF0BBE6CAC37}.Debug|Any CPU.Build.0 = Debug|Any CPU
		{81C6F51C-1389-4422-B132-EF0BBE6CAC37}.Release|Any CPU.ActiveCfg = Release|Any CPU
		{81C6F51C-1389-4422-B132-EF0BBE6CAC37}.Release|Any CPU.Build.0 = Release|Any CPU
	EndGlobalSection
	GlobalSection(SolutionProperties) = preSolution
		HideSolutionNode = FALSE
	EndGlobalSection
EndGlobal
