
Microsoft Visual Studio Solution File, Format Version 12.00
# Visual Studio 2012
Project("{FAE04EC0-301F-11D3-BF4B-00C04F79EFBC}") = "Arithmetic", "Arithmetic\Arithmetic.csproj", "{45DE0F25-4600-484E-8D5E-720AA52C92EE}"
EndProject
Global
	GlobalSection(SolutionConfigurationPlatforms) = preSolution
		Debug|Any CPU = Debug|Any CPU
		Release|Any CPU = Release|Any CPU
	EndGlobalSection
	GlobalSection(ProjectConfigurationPlatforms) = postSolution
		{45DE0F25-4600-484E-8D5E-720AA52C92EE}.Debug|Any CPU.ActiveCfg = Debug|Any CPU
		{45DE0F25-4600-484E-8D5E-720AA52C92EE}.Debug|Any CPU.Build.0 = Debug|Any CPU
		{45DE0F25-4600-484E-8D5E-720AA52C92EE}.Release|Any CPU.ActiveCfg = Release|Any CPU
		{45DE0F25-4600-484E-8D5E-720AA52C92EE}.Release|Any CPU.Build.0 = Release|Any CPU
	EndGlobalSection
	GlobalSection(SolutionProperties) = preSolution
		HideSolutionNode = FALSE
	EndGlobalSection
EndGlobal
